
Microsoft Visual Studio Solution File, Format Version 12.00
# Visual Studio Version 17
VisualStudioVersion = 17.11.35312.102
MinimumVisualStudioVersion = 10.0.40219.1
Project("{FAE04EC0-301F-11D3-BF4B-00C04F79EFBC}") = "GetSheetsAPITestMVC", "GetSheetsAPITestMVC\GetSheetsAPITestMVC.csproj", "{EAA1ECF8-C4D2-4EBE-8771-3E3F1DA1113D}"
EndProject
Global
	GlobalSection(SolutionConfigurationPlatforms) = preSolution
		Debug|Any CPU = Debug|Any CPU
		Release|Any CPU = Release|Any CPU
	EndGlobalSection
	GlobalSection(ProjectConfigurationPlatforms) = postSolution
		{EAA1ECF8-C4D2-4EBE-8771-3E3F1DA1113D}.Debug|Any CPU.ActiveCfg = Debug|Any CPU
		{EAA1ECF8-C4D2-4EBE-8771-3E3F1DA1113D}.Debug|Any CPU.Build.0 = Debug|Any CPU
		{EAA1ECF8-C4D2-4EBE-8771-3E3F1DA1113D}.Release|Any CPU.ActiveCfg = Release|Any CPU
		{EAA1ECF8-C4D2-4EBE-8771-3E3F1DA1113D}.Release|Any CPU.Build.0 = Release|Any CPU
	EndGlobalSection
	GlobalSection(SolutionProperties) = preSolution
		HideSolutionNode = FALSE
	EndGlobalSection
	GlobalSection(ExtensibilityGlobals) = postSolution
		SolutionGuid = {90A08705-B11F-4B49-BF91-BFBD26221C76}
	EndGlobalSection
EndGlobal
